{
  "version": 4,
  "terraform_version": "1.14.0",
  "serial": 10,
  "lineage": "efd5a652-c72a-be4f-ad53-7c9e611d4e63",
  "outputs": {},
  "resources": [
    {
      "module": "module.azdatabricks-ws",
      "mode": "managed",
      "type": "azurerm_databricks_workspace",
      "name": "azdb",
      "provider": "provider[\"registry.terraform.io/hashicorp/azurerm\"]",
      "instances": [
        {
          "schema_version": 0,
          "attributes": {
            "access_connector_id": null,
            "custom_parameters": [
              {
                "machine_learning_workspace_id": "",
                "nat_gateway_name": "",
                "no_public_ip": true,
                "private_subnet_name": "devdb-private-snet",
                "private_subnet_network_security_group_association_id": "/subscriptions/378a2a19-d171-4f1d-8668-07b9890667eb/resourceGroups/devdb-rg/providers/Microsoft.Network/virtualNetworks/devdb-rg-vnet/subnets/devdb-private-snet",
                "public_ip_name": "",
                "public_subnet_name": "devdb-public-snet",
                "public_subnet_network_security_group_association_id": "/subscriptions/378a2a19-d171-4f1d-8668-07b9890667eb/resourceGroups/devdb-rg/providers/Microsoft.Network/virtualNetworks/devdb-rg-vnet/subnets/devdb-public-snet",
                "storage_account_name": "dbstorageaq3uasekdnpvm",
                "storage_account_sku_name": "Standard_GRS",
                "virtual_network_id": "/subscriptions/378a2a19-d171-4f1d-8668-07b9890667eb/resourceGroups/devdb-rg/providers/Microsoft.Network/virtualNetworks/devdb-rg-vnet",
                "vnet_address_prefix": ""
              }
            ],
            "customer_managed_key_enabled": false,
            "default_storage_firewall_enabled": null,
            "disk_encryption_set_id": "",
            "enhanced_security_compliance": [],
            "id": "/subscriptions/378a2a19-d171-4f1d-8668-07b9890667eb/resourceGroups/devdb-rg/providers/Microsoft.Databricks/workspaces/devdb-workspace",
            "infrastructure_encryption_enabled": false,
            "load_balancer_backend_address_pool_id": "",
            "location": "eastus",
            "managed_disk_cmk_key_vault_id": "",
            "managed_disk_cmk_key_vault_key_id": "",
            "managed_disk_cmk_rotation_to_latest_version_enabled": false,
            "managed_disk_identity": [],
            "managed_resource_group_id": "/subscriptions/378a2a19-d171-4f1d-8668-07b9890667eb/resourceGroups/devdb-workspace-rg",
            "managed_resource_group_name": "devdb-workspace-rg",
            "managed_services_cmk_key_vault_id": "",
            "managed_services_cmk_key_vault_key_id": "",
            "name": "devdb-workspace",
            "network_security_group_rules_required": null,
            "public_network_access_enabled": true,
            "resource_group_name": "devdb-rg",
            "sku": "premium",
            "storage_account_identity": [],
            "tags": {
              "env": "dev",
              "owner": "surya"
            },
            "timeouts": null,
            "workspace_id": "3009348506122198",
            "workspace_url": "adb-3009348506122198.18.azuredatabricks.net"
          },
          "sensitive_attributes": [],
          "identity_schema_version": 0,
          "private": "eyJlMmJmYjczMC1lY2FhLTExZTYtOGY4OC0zNDM2M2JjN2M0YzAiOnsiY3JlYXRlIjoxODAwMDAwMDAwMDAwLCJkZWxldGUiOjE4MDAwMDAwMDAwMDAsInJlYWQiOjMwMDAwMDAwMDAwMCwidXBkYXRlIjoxODAwMDAwMDAwMDAwfX0=",
          "dependencies": [
            "module.azdatabricks-ws.azurerm_network_security_group.nsg",
            "module.azdatabricks-ws.azurerm_resource_group.rg",
            "module.azdatabricks-ws.azurerm_subnet.prsnet",
            "module.azdatabricks-ws.azurerm_subnet.psnet",
            "module.azdatabricks-ws.azurerm_subnet_network_security_group_association.private",
            "module.azdatabricks-ws.azurerm_subnet_network_security_group_association.public",
            "module.azdatabricks-ws.azurerm_virtual_network.vnet"
          ]
        }
      ]
    },
    {
      "module": "module.azdatabricks-ws",
      "mode": "managed",
      "type": "azurerm_network_security_group",
      "name": "nsg",
      "provider": "provider[\"registry.terraform.io/hashicorp/azurerm\"]",
      "instances": [
        {
          "schema_version": 0,
          "attributes": {
            "id": "/subscriptions/378a2a19-d171-4f1d-8668-07b9890667eb/resourceGroups/devdb-rg/providers/Microsoft.Network/networkSecurityGroups/devdb-nsg",
            "location": "eastus",
            "name": "devdb-nsg",
            "resource_group_name": "devdb-rg",
            "security_rule": [],
            "tags": {
              "env": "dev",
              "owner": "surya"
            },
            "timeouts": null
          },
          "sensitive_attributes": [],
          "identity_schema_version": 0,
          "identity": {
            "name": "devdb-nsg",
            "resource_group_name": "devdb-rg",
            "subscription_id": "378a2a19-d171-4f1d-8668-07b9890667eb"
          },
          "private": "eyJlMmJmYjczMC1lY2FhLTExZTYtOGY4OC0zNDM2M2JjN2M0YzAiOnsiY3JlYXRlIjoxODAwMDAwMDAwMDAwLCJkZWxldGUiOjE4MDAwMDAwMDAwMDAsInJlYWQiOjMwMDAwMDAwMDAwMCwidXBkYXRlIjoxODAwMDAwMDAwMDAwfX0=",
          "dependencies": [
            "module.azdatabricks-ws.azurerm_resource_group.rg"
          ]
        }
      ]
    },
    {
      "module": "module.azdatabricks-ws",
      "mode": "managed",
      "type": "azurerm_resource_group",
      "name": "rg",
      "provider": "provider[\"registry.terraform.io/hashicorp/azurerm\"]",
      "instances": [
        {
          "schema_version": 0,
          "attributes": {
            "id": "/subscriptions/378a2a19-d171-4f1d-8668-07b9890667eb/resourceGroups/devdb-rg",
            "location": "eastus",
            "managed_by": "",
            "name": "devdb-rg",
            "tags": {
              "env": "dev",
              "owner": "surya"
            },
            "timeouts": null
          },
          "sensitive_attributes": [],
          "identity_schema_version": 0,
          "identity": {
            "name": "devdb-rg",
            "subscription_id": "378a2a19-d171-4f1d-8668-07b9890667eb"
          },
          "private": "eyJlMmJmYjczMC1lY2FhLTExZTYtOGY4OC0zNDM2M2JjN2M0YzAiOnsiY3JlYXRlIjo1NDAwMDAwMDAwMDAwLCJkZWxldGUiOjU0MDAwMDAwMDAwMDAsInJlYWQiOjMwMDAwMDAwMDAwMCwidXBkYXRlIjo1NDAwMDAwMDAwMDAwfX0="
        }
      ]
    },
    {
      "module": "module.azdatabricks-ws",
      "mode": "managed",
      "type": "azurerm_subnet",
      "name": "prsnet",
      "provider": "provider[\"registry.terraform.io/hashicorp/azurerm\"]",
      "instances": [
        {
          "schema_version": 0,
          "attributes": {
            "address_prefixes": [
              "10.0.0.32/27"
            ],
            "default_outbound_access_enabled": true,
            "delegation": [
              {
                "name": "databricks",
                "service_delegation": [
                  {
                    "actions": [
                      "Microsoft.Network/virtualNetworks/subnets/action",
                      "Microsoft.Network/virtualNetworks/subnets/prepareNetworkPolicies/action",
                      "Microsoft.Network/virtualNetworks/subnets/unprepareNetworkPolicies/action"
                    ],
                    "name": "Microsoft.Databricks/workspaces"
                  }
                ]
              }
            ],
            "id": "/subscriptions/378a2a19-d171-4f1d-8668-07b9890667eb/resourceGroups/devdb-rg/providers/Microsoft.Network/virtualNetworks/devdb-rg-vnet/subnets/devdb-private-snet",
            "ip_address_pool": [],
            "name": "devdb-private-snet",
            "private_endpoint_network_policies": "Disabled",
            "private_link_service_network_policies_enabled": true,
            "resource_group_name": "devdb-rg",
            "service_endpoint_policy_ids": null,
            "service_endpoints": null,
            "sharing_scope": "",
            "timeouts": null,
            "virtual_network_name": "devdb-rg-vnet"
          },
          "sensitive_attributes": [],
          "identity_schema_version": 0,
          "identity": {
            "name": "devdb-private-snet",
            "resource_group_name": "devdb-rg",
            "subscription_id": "378a2a19-d171-4f1d-8668-07b9890667eb",
            "virtual_network_name": "devdb-rg-vnet"
          },
          "private": "eyJlMmJmYjczMC1lY2FhLTExZTYtOGY4OC0zNDM2M2JjN2M0YzAiOnsiY3JlYXRlIjoxODAwMDAwMDAwMDAwLCJkZWxldGUiOjE4MDAwMDAwMDAwMDAsInJlYWQiOjMwMDAwMDAwMDAwMCwidXBkYXRlIjoxODAwMDAwMDAwMDAwfX0=",
          "dependencies": [
            "module.azdatabricks-ws.azurerm_resource_group.rg",
            "module.azdatabricks-ws.azurerm_virtual_network.vnet"
          ]
        }
      ]
    },
    {
      "module": "module.azdatabricks-ws",
      "mode": "managed",
      "type": "azurerm_subnet",
      "name": "psnet",
      "provider": "provider[\"registry.terraform.io/hashicorp/azurerm\"]",
      "instances": [
        {
          "schema_version": 0,
          "attributes": {
            "address_prefixes": [
              "10.0.0.0/27"
            ],
            "default_outbound_access_enabled": true,
            "delegation": [
              {
                "name": "databricks",
                "service_delegation": [
                  {
                    "actions": [
                      "Microsoft.Network/virtualNetworks/subnets/action",
                      "Microsoft.Network/virtualNetworks/subnets/prepareNetworkPolicies/action",
                      "Microsoft.Network/virtualNetworks/subnets/unprepareNetworkPolicies/action"
                    ],
                    "name": "Microsoft.Databricks/workspaces"
                  }
                ]
              }
            ],
            "id": "/subscriptions/378a2a19-d171-4f1d-8668-07b9890667eb/resourceGroups/devdb-rg/providers/Microsoft.Network/virtualNetworks/devdb-rg-vnet/subnets/devdb-public-snet",
            "ip_address_pool": [],
            "name": "devdb-public-snet",
            "private_endpoint_network_policies": "Disabled",
            "private_link_service_network_policies_enabled": true,
            "resource_group_name": "devdb-rg",
            "service_endpoint_policy_ids": null,
            "service_endpoints": null,
            "sharing_scope": "",
            "timeouts": null,
            "virtual_network_name": "devdb-rg-vnet"
          },
          "sensitive_attributes": [],
          "identity_schema_version": 0,
          "identity": {
            "name": "devdb-public-snet",
            "resource_group_name": "devdb-rg",
            "subscription_id": "378a2a19-d171-4f1d-8668-07b9890667eb",
            "virtual_network_name": "devdb-rg-vnet"
          },
          "private": "eyJlMmJmYjczMC1lY2FhLTExZTYtOGY4OC0zNDM2M2JjN2M0YzAiOnsiY3JlYXRlIjoxODAwMDAwMDAwMDAwLCJkZWxldGUiOjE4MDAwMDAwMDAwMDAsInJlYWQiOjMwMDAwMDAwMDAwMCwidXBkYXRlIjoxODAwMDAwMDAwMDAwfX0=",
          "dependencies": [
            "module.azdatabricks-ws.azurerm_resource_group.rg",
            "module.azdatabricks-ws.azurerm_virtual_network.vnet"
          ]
        }
      ]
    },
    {
      "module": "module.azdatabricks-ws",
      "mode": "managed",
      "type": "azurerm_subnet_network_security_group_association",
      "name": "private",
      "provider": "provider[\"registry.terraform.io/hashicorp/azurerm\"]",
      "instances": [
        {
          "schema_version": 0,
          "attributes": {
            "id": "/subscriptions/378a2a19-d171-4f1d-8668-07b9890667eb/resourceGroups/devdb-rg/providers/Microsoft.Network/virtualNetworks/devdb-rg-vnet/subnets/devdb-private-snet",
            "network_security_group_id": "/subscriptions/378a2a19-d171-4f1d-8668-07b9890667eb/resourceGroups/devdb-rg/providers/Microsoft.Network/networkSecurityGroups/devdb-nsg",
            "subnet_id": "/subscriptions/378a2a19-d171-4f1d-8668-07b9890667eb/resourceGroups/devdb-rg/providers/Microsoft.Network/virtualNetworks/devdb-rg-vnet/subnets/devdb-private-snet",
            "timeouts": null
          },
          "sensitive_attributes": [],
          "identity_schema_version": 0,
          "private": "eyJlMmJmYjczMC1lY2FhLTExZTYtOGY4OC0zNDM2M2JjN2M0YzAiOnsiY3JlYXRlIjoxODAwMDAwMDAwMDAwLCJkZWxldGUiOjE4MDAwMDAwMDAwMDAsInJlYWQiOjMwMDAwMDAwMDAwMH19",
          "dependencies": [
            "module.azdatabricks-ws.azurerm_network_security_group.nsg",
            "module.azdatabricks-ws.azurerm_resource_group.rg",
            "module.azdatabricks-ws.azurerm_subnet.prsnet",
            "module.azdatabricks-ws.azurerm_virtual_network.vnet"
          ]
        }
      ]
    },
    {
      "module": "module.azdatabricks-ws",
      "mode": "managed",
      "type": "azurerm_subnet_network_security_group_association",
      "name": "public",
      "provider": "provider[\"registry.terraform.io/hashicorp/azurerm\"]",
      "instances": [
        {
          "schema_version": 0,
          "attributes": {
            "id": "/subscriptions/378a2a19-d171-4f1d-8668-07b9890667eb/resourceGroups/devdb-rg/providers/Microsoft.Network/virtualNetworks/devdb-rg-vnet/subnets/devdb-public-snet",
            "network_security_group_id": "/subscriptions/378a2a19-d171-4f1d-8668-07b9890667eb/resourceGroups/devdb-rg/providers/Microsoft.Network/networkSecurityGroups/devdb-nsg",
            "subnet_id": "/subscriptions/378a2a19-d171-4f1d-8668-07b9890667eb/resourceGroups/devdb-rg/providers/Microsoft.Network/virtualNetworks/devdb-rg-vnet/subnets/devdb-public-snet",
            "timeouts": null
          },
          "sensitive_attributes": [],
          "identity_schema_version": 0,
          "private": "eyJlMmJmYjczMC1lY2FhLTExZTYtOGY4OC0zNDM2M2JjN2M0YzAiOnsiY3JlYXRlIjoxODAwMDAwMDAwMDAwLCJkZWxldGUiOjE4MDAwMDAwMDAwMDAsInJlYWQiOjMwMDAwMDAwMDAwMH19",
          "dependencies": [
            "module.azdatabricks-ws.azurerm_network_security_group.nsg",
            "module.azdatabricks-ws.azurerm_resource_group.rg",
            "module.azdatabricks-ws.azurerm_subnet.psnet",
            "module.azdatabricks-ws.azurerm_virtual_network.vnet"
          ]
        }
      ]
    },
    {
      "module": "module.azdatabricks-ws",
      "mode": "managed",
      "type": "azurerm_virtual_network",
      "name": "vnet",
      "provider": "provider[\"registry.terraform.io/hashicorp/azurerm\"]",
      "instances": [
        {
          "schema_version": 0,
          "attributes": {
            "address_space": [
              "10.0.0.0/24"
            ],
            "bgp_community": "",
            "ddos_protection_plan": [],
            "dns_servers": [],
            "edge_zone": "",
            "encryption": [],
            "flow_timeout_in_minutes": 0,
            "guid": "11e07ec4-712c-4241-9e82-3a993e2a623a",
            "id": "/subscriptions/378a2a19-d171-4f1d-8668-07b9890667eb/resourceGroups/devdb-rg/providers/Microsoft.Network/virtualNetworks/devdb-rg-vnet",
            "ip_address_pool": [],
            "location": "eastus",
            "name": "devdb-rg-vnet",
            "private_endpoint_vnet_policies": "Disabled",
            "resource_group_name": "devdb-rg",
            "subnet": [],
            "tags": {
              "env": "dev",
              "owner": "surya"
            },
            "timeouts": null
          },
          "sensitive_attributes": [],
          "identity_schema_version": 0,
          "identity": {
            "name": "devdb-rg-vnet",
            "resource_group_name": "devdb-rg",
            "subscription_id": "378a2a19-d171-4f1d-8668-07b9890667eb"
          },
          "private": "eyJlMmJmYjczMC1lY2FhLTExZTYtOGY4OC0zNDM2M2JjN2M0YzAiOnsiY3JlYXRlIjoxODAwMDAwMDAwMDAwLCJkZWxldGUiOjE4MDAwMDAwMDAwMDAsInJlYWQiOjMwMDAwMDAwMDAwMCwidXBkYXRlIjoxODAwMDAwMDAwMDAwfX0=",
          "dependencies": [
            "module.azdatabricks-ws.azurerm_resource_group.rg"
          ]
        }
      ]
    }
  ],
  "check_results": null
}
